
Microsoft Visual Studio Solution File, Format Version 12.00
# Visual Studio Version 17
VisualStudioVersion = 17.5.002.0
MinimumVisualStudioVersion = 10.0.40219.1
Project("{9A19103F-16F7-4668-BE54-9A1E7A4F7556}") = "API", "API\API.csproj", "{D0E8D3BA-8AFB-4A80-908F-9405028A8690}"
EndProject
Global
	GlobalSection(SolutionConfigurationPlatforms) = preSolution
		Debug|Any CPU = Debug|Any CPU
		Release|Any CPU = Release|Any CPU
	EndGlobalSection
	GlobalSection(ProjectConfigurationPlatforms) = postSolution
		{D0E8D3BA-8AFB-4A80-908F-9405028A8690}.Debug|Any CPU.ActiveCfg = Debug|Any CPU
		{D0E8D3BA-8AFB-4A80-908F-9405028A8690}.Debug|Any CPU.Build.0 = Debug|Any CPU
		{D0E8D3BA-8AFB-4A80-908F-9405028A8690}.Release|Any CPU.ActiveCfg = Release|Any CPU
		{D0E8D3BA-8AFB-4A80-908F-9405028A8690}.Release|Any CPU.Build.0 = Release|Any CPU
	EndGlobalSection
	GlobalSection(SolutionProperties) = preSolution
		HideSolutionNode = FALSE
	EndGlobalSection
	GlobalSection(ExtensibilityGlobals) = postSolution
		SolutionGuid = {DAC73735-D91D-4509-8E4C-1F0A16C6D9D4}
	EndGlobalSection
EndGlobal
